
Microsoft Visual Studio Solution File, Format Version 12.00
# Visual Studio Version 17
VisualStudioVersion = 17.0.31903.59
MinimumVisualStudioVersion = 10.0.40219.1
Project("{FAE04EC0-301F-11D3-BF4B-00C04F79EFBC}") = "birthdayCalendar", "birthdayCalendar\birthdayCalendar.csproj", "{31C9E5BE-D070-43D4-B112-B1B658B3AE0D}"
EndProject
Global
	GlobalSection(SolutionConfigurationPlatforms) = preSolution
		Debug|Any CPU = Debug|Any CPU
		Release|Any CPU = Release|Any CPU
	EndGlobalSection
	GlobalSection(ProjectConfigurationPlatforms) = postSolution
		{31C9E5BE-D070-43D4-B112-B1B658B3AE0D}.Debug|Any CPU.ActiveCfg = Debug|Any CPU
		{31C9E5BE-D070-43D4-B112-B1B658B3AE0D}.Debug|Any CPU.Build.0 = Debug|Any CPU
		{31C9E5BE-D070-43D4-B112-B1B658B3AE0D}.Release|Any CPU.ActiveCfg = Release|Any CPU
		{31C9E5BE-D070-43D4-B112-B1B658B3AE0D}.Release|Any CPU.Build.0 = Release|Any CPU
	EndGlobalSection
	GlobalSection(SolutionProperties) = preSolution
		HideSolutionNode = FALSE
	EndGlobalSection
	GlobalSection(ExtensibilityGlobals) = postSolution
		SolutionGuid = {5B7F1F99-FDC3-4C8C-93D5-88747FF806ED}
	EndGlobalSection
EndGlobal
