
Microsoft Visual Studio Solution File, Format Version 12.00
# Visual Studio Version 17
VisualStudioVersion = 17.1.32407.343
MinimumVisualStudioVersion = 10.0.40219.1
Project("{FAE04EC0-301F-11D3-BF4B-00C04F79EFBC}") = "GUI_WPF", "GUI_WPF\GUI_WPF.csproj", "{3E82C3D1-743E-45EC-9094-EC8DCD7250BB}"
EndProject
Global
	GlobalSection(SolutionConfigurationPlatforms) = preSolution
		Debug|Any CPU = Debug|Any CPU
		Release|Any CPU = Release|Any CPU
	EndGlobalSection
	GlobalSection(ProjectConfigurationPlatforms) = postSolution
		{3E82C3D1-743E-45EC-9094-EC8DCD7250BB}.Debug|Any CPU.ActiveCfg = Debug|Any CPU
		{3E82C3D1-743E-45EC-9094-EC8DCD7250BB}.Debug|Any CPU.Build.0 = Debug|Any CPU
		{3E82C3D1-743E-45EC-9094-EC8DCD7250BB}.Release|Any CPU.ActiveCfg = Release|Any CPU
		{3E82C3D1-743E-45EC-9094-EC8DCD7250BB}.Release|Any CPU.Build.0 = Release|Any CPU
	EndGlobalSection
	GlobalSection(SolutionProperties) = preSolution
		HideSolutionNode = FALSE
	EndGlobalSection
	GlobalSection(ExtensibilityGlobals) = postSolution
		SolutionGuid = {6E80B23E-4632-4400-8625-7C2FCD69C8A7}
	EndGlobalSection
EndGlobal
